
Microsoft Visual Studio Solution File, Format Version 12.00
# Visual Studio Version 16
VisualStudioVersion = 16.0.29613.14
MinimumVisualStudioVersion = 10.0.40219.1
Project("{FAE04EC0-301F-11D3-BF4B-00C04F79EFBC}") = "nyanpasu-button.Android", "nyanpasu-button\nyanpasu-button.Android\nyanpasu-button.Android.csproj", "{72A588E4-49B5-4183-92A3-65E57AB0290A}"
EndProject
Project("{FAE04EC0-301F-11D3-BF4B-00C04F79EFBC}") = "nyanpasu-button", "nyanpasu-button\nyanpasu-button\nyanpasu-button.csproj", "{CA93BC01-97DD-4C1C-AA98-008D86BEFEAD}"
EndProject
Global
	GlobalSection(SolutionConfigurationPlatforms) = preSolution
		Debug|Any CPU = Debug|Any CPU
		Release|Any CPU = Release|Any CPU
	EndGlobalSection
	GlobalSection(ProjectConfigurationPlatforms) = postSolution
		{72A588E4-49B5-4183-92A3-65E57AB0290A}.Debug|Any CPU.ActiveCfg = Debug|Any CPU
		{72A588E4-49B5-4183-92A3-65E57AB0290A}.Debug|Any CPU.Build.0 = Debug|Any CPU
		{72A588E4-49B5-4183-92A3-65E57AB0290A}.Debug|Any CPU.Deploy.0 = Debug|Any CPU
		{72A588E4-49B5-4183-92A3-65E57AB0290A}.Release|Any CPU.ActiveCfg = Release|Any CPU
		{72A588E4-49B5-4183-92A3-65E57AB0290A}.Release|Any CPU.Build.0 = Release|Any CPU
		{72A588E4-49B5-4183-92A3-65E57AB0290A}.Release|Any CPU.Deploy.0 = Release|Any CPU
		{CA93BC01-97DD-4C1C-AA98-008D86BEFEAD}.Debug|Any CPU.ActiveCfg = Debug|Any CPU
		{CA93BC01-97DD-4C1C-AA98-008D86BEFEAD}.Debug|Any CPU.Build.0 = Debug|Any CPU
		{CA93BC01-97DD-4C1C-AA98-008D86BEFEAD}.Debug|Any CPU.Deploy.0 = Debug|Any CPU
		{CA93BC01-97DD-4C1C-AA98-008D86BEFEAD}.Release|Any CPU.ActiveCfg = Release|Any CPU
		{CA93BC01-97DD-4C1C-AA98-008D86BEFEAD}.Release|Any CPU.Build.0 = Release|Any CPU
		{CA93BC01-97DD-4C1C-AA98-008D86BEFEAD}.Release|Any CPU.Deploy.0 = Release|Any CPU
	EndGlobalSection
	GlobalSection(SolutionProperties) = preSolution
		HideSolutionNode = FALSE
	EndGlobalSection
	GlobalSection(ExtensibilityGlobals) = postSolution
		SolutionGuid = {0902C060-CF6B-4BF4-95A3-070C40AE631B}
	EndGlobalSection
EndGlobal
